
Microsoft Visual Studio Solution File, Format Version 10.00
# Visual Studio 2008
Project("{FAE04EC0-301F-11D3-BF4B-00C04F79EFBC}") = "JellyfishDll", "JellyfishDll.csproj", "{FE2BF671-284A-4E63-B6D5-AF2E8877E410}"
EndProject
Global
	GlobalSection(SolutionConfigurationPlatforms) = preSolution
		Debug|Any CPU = Debug|Any CPU
		Release|Any CPU = Release|Any CPU
	EndGlobalSection
	GlobalSection(ProjectConfigurationPlatforms) = postSolution
		{FE2BF671-284A-4E63-B6D5-AF2E8877E410}.Debug|Any CPU.ActiveCfg = Debug|Any CPU
		{FE2BF671-284A-4E63-B6D5-AF2E8877E410}.Debug|Any CPU.Build.0 = Debug|Any CPU
		{FE2BF671-284A-4E63-B6D5-AF2E8877E410}.Release|Any CPU.ActiveCfg = Release|Any CPU
		{FE2BF671-284A-4E63-B6D5-AF2E8877E410}.Release|Any CPU.Build.0 = Release|Any CPU
	EndGlobalSection
	GlobalSection(SolutionProperties) = preSolution
		HideSolutionNode = FALSE
	EndGlobalSection
EndGlobal
