
Microsoft Visual Studio Solution File, Format Version 10.00
# Visual Studio 2008
Project("{FAE04EC0-301F-11D3-BF4B-00C04F79EFBC}") = "jellyfishDZApp", "jellyfishDZApp\jellyfishDZApp.csproj", "{496726D0-5568-4FA3-9060-7A4D0A7497CD}"
EndProject
Project("{E24C65DC-7377-472B-9ABA-BC803B73C61A}") = "jellyfishDZApp.Web", "jellyfishDZApp.Web", "{31D1C7CD-F583-4F5D-83F1-4C20AF6F608C}"
	ProjectSection(WebsiteProperties) = preProject
		TargetFramework = "3.5"
		Debug.AspNetCompiler.VirtualPath = "/jellyfishDZApp.Web"
		Debug.AspNetCompiler.PhysicalPath = "jellyfishDZApp.Web\"
		Debug.AspNetCompiler.TargetPath = "PrecompiledWeb\jellyfishDZApp.Web\"
		Debug.AspNetCompiler.Updateable = "true"
		Debug.AspNetCompiler.ForceOverwrite = "true"
		Debug.AspNetCompiler.FixedNames = "false"
		Debug.AspNetCompiler.Debug = "True"
		Release.AspNetCompiler.VirtualPath = "/jellyfishDZApp.Web"
		Release.AspNetCompiler.PhysicalPath = "jellyfishDZApp.Web\"
		Release.AspNetCompiler.TargetPath = "PrecompiledWeb\jellyfishDZApp.Web\"
		Release.AspNetCompiler.Updateable = "true"
		Release.AspNetCompiler.ForceOverwrite = "true"
		Release.AspNetCompiler.FixedNames = "false"
		Release.AspNetCompiler.Debug = "False"
		VWDPort = "50680"
		DefaultWebSiteLanguage = "Visual C#"
		ProjOutputReferences = "{496726D0-5568-4FA3-9060-7A4D0A7497CD}|ClientBin|false;"
	EndProjectSection
EndProject
Global
	GlobalSection(SolutionConfigurationPlatforms) = preSolution
		Debug|Any CPU = Debug|Any CPU
		Release|Any CPU = Release|Any CPU
	EndGlobalSection
	GlobalSection(ProjectConfigurationPlatforms) = postSolution
		{496726D0-5568-4FA3-9060-7A4D0A7497CD}.Debug|Any CPU.ActiveCfg = Debug|Any CPU
		{496726D0-5568-4FA3-9060-7A4D0A7497CD}.Debug|Any CPU.Build.0 = Debug|Any CPU
		{496726D0-5568-4FA3-9060-7A4D0A7497CD}.Release|Any CPU.ActiveCfg = Release|Any CPU
		{496726D0-5568-4FA3-9060-7A4D0A7497CD}.Release|Any CPU.Build.0 = Release|Any CPU
		{31D1C7CD-F583-4F5D-83F1-4C20AF6F608C}.Debug|Any CPU.ActiveCfg = Debug|Any CPU
		{31D1C7CD-F583-4F5D-83F1-4C20AF6F608C}.Debug|Any CPU.Build.0 = Debug|Any CPU
		{31D1C7CD-F583-4F5D-83F1-4C20AF6F608C}.Release|Any CPU.ActiveCfg = Debug|Any CPU
		{31D1C7CD-F583-4F5D-83F1-4C20AF6F608C}.Release|Any CPU.Build.0 = Debug|Any CPU
	EndGlobalSection
	GlobalSection(SolutionProperties) = preSolution
		HideSolutionNode = FALSE
	EndGlobalSection
EndGlobal
